
Microsoft Visual Studio Solution File, Format Version 12.00
# Visual Studio Version 16
VisualStudioVersion = 16.0.31702.278
MinimumVisualStudioVersion = 10.0.40219.1
Project("{8BC9CEB8-8B4A-11D0-8D11-00A0C91BC942}") = "AdventOfCode2022", "AdventOfCode2022\AdventOfCode2022.vcxproj", "{87D55D83-3A42-40A0-8B27-9406E1870047}"
EndProject
Global
	GlobalSection(SolutionConfigurationPlatforms) = preSolution
		Debug|x64 = Debug|x64
		Debug|x86 = Debug|x86
		Release|x64 = Release|x64
		Release|x86 = Release|x86
	EndGlobalSection
	GlobalSection(ProjectConfigurationPlatforms) = postSolution
		{87D55D83-3A42-40A0-8B27-9406E1870047}.Debug|x64.ActiveCfg = Debug|x64
		{87D55D83-3A42-40A0-8B27-9406E1870047}.Debug|x64.Build.0 = Debug|x64
		{87D55D83-3A42-40A0-8B27-9406E1870047}.Debug|x86.ActiveCfg = Debug|Win32
		{87D55D83-3A42-40A0-8B27-9406E1870047}.Debug|x86.Build.0 = Debug|Win32
		{87D55D83-3A42-40A0-8B27-9406E1870047}.Release|x64.ActiveCfg = Release|x64
		{87D55D83-3A42-40A0-8B27-9406E1870047}.Release|x64.Build.0 = Release|x64
		{87D55D83-3A42-40A0-8B27-9406E1870047}.Release|x86.ActiveCfg = Release|Win32
		{87D55D83-3A42-40A0-8B27-9406E1870047}.Release|x86.Build.0 = Release|Win32
	EndGlobalSection
	GlobalSection(SolutionProperties) = preSolution
		HideSolutionNode = FALSE
	EndGlobalSection
	GlobalSection(ExtensibilityGlobals) = postSolution
		SolutionGuid = {F8C93305-5C20-4A3C-845D-6AC88ACCF70A}
	EndGlobalSection
EndGlobal
